
Microsoft Visual Studio Solution File, Format Version 12.00
# Visual Studio Version 16
VisualStudioVersion = 16.0.30320.27
MinimumVisualStudioVersion = 10.0.40219.1
Project("{FAE04EC0-301F-11D3-BF4B-00C04F79EFBC}") = "ChangeFileName", "ChangeFileName.csproj", "{0E5DA88E-2142-43B9-BEEB-9BC171C2C294}"
EndProject
Global
	GlobalSection(SolutionConfigurationPlatforms) = preSolution
		Debug|Any CPU = Debug|Any CPU
		Release|Any CPU = Release|Any CPU
	EndGlobalSection
	GlobalSection(ProjectConfigurationPlatforms) = postSolution
		{0E5DA88E-2142-43B9-BEEB-9BC171C2C294}.Debug|Any CPU.ActiveCfg = Debug|Any CPU
		{0E5DA88E-2142-43B9-BEEB-9BC171C2C294}.Debug|Any CPU.Build.0 = Debug|Any CPU
		{0E5DA88E-2142-43B9-BEEB-9BC171C2C294}.Release|Any CPU.ActiveCfg = Release|Any CPU
		{0E5DA88E-2142-43B9-BEEB-9BC171C2C294}.Release|Any CPU.Build.0 = Release|Any CPU
	EndGlobalSection
	GlobalSection(SolutionProperties) = preSolution
		HideSolutionNode = FALSE
	EndGlobalSection
	GlobalSection(ExtensibilityGlobals) = postSolution
		SolutionGuid = {670C6525-AF7A-4222-8B4C-CDCFE1386B5D}
	EndGlobalSection
EndGlobal
